
Microsoft Visual Studio Solution File, Format Version 12.00
# Visual Studio 15
VisualStudioVersion = 15.0.28307.421
MinimumVisualStudioVersion = 10.0.40219.1
Project("{8BC9CEB8-8B4A-11D0-8D11-00A0C91BC942}") = "ZAD_1", "ZAD_1\ZAD_1.vcxproj", "{D008B3D6-6C25-417D-B19B-0FD1A3AB74E5}"
EndProject
Global
	GlobalSection(SolutionConfigurationPlatforms) = preSolution
		Debug|x64 = Debug|x64
		Debug|x86 = Debug|x86
		Release|x64 = Release|x64
		Release|x86 = Release|x86
	EndGlobalSection
	GlobalSection(ProjectConfigurationPlatforms) = postSolution
		{D008B3D6-6C25-417D-B19B-0FD1A3AB74E5}.Debug|x64.ActiveCfg = Debug|x64
		{D008B3D6-6C25-417D-B19B-0FD1A3AB74E5}.Debug|x64.Build.0 = Debug|x64
		{D008B3D6-6C25-417D-B19B-0FD1A3AB74E5}.Debug|x86.ActiveCfg = Debug|Win32
		{D008B3D6-6C25-417D-B19B-0FD1A3AB74E5}.Debug|x86.Build.0 = Debug|Win32
		{D008B3D6-6C25-417D-B19B-0FD1A3AB74E5}.Release|x64.ActiveCfg = Release|x64
		{D008B3D6-6C25-417D-B19B-0FD1A3AB74E5}.Release|x64.Build.0 = Release|x64
		{D008B3D6-6C25-417D-B19B-0FD1A3AB74E5}.Release|x86.ActiveCfg = Release|Win32
		{D008B3D6-6C25-417D-B19B-0FD1A3AB74E5}.Release|x86.Build.0 = Release|Win32
	EndGlobalSection
	GlobalSection(SolutionProperties) = preSolution
		HideSolutionNode = FALSE
	EndGlobalSection
	GlobalSection(ExtensibilityGlobals) = postSolution
		SolutionGuid = {16B999FB-0869-4B30-A4D4-F4936C816137}
	EndGlobalSection
EndGlobal
